
Microsoft Visual Studio Solution File, Format Version 12.00
# Visual Studio Version 17
VisualStudioVersion = 17.13.35825.156 d17.13
MinimumVisualStudioVersion = 10.0.40219.1
Project("{FAE04EC0-301F-11D3-BF4B-00C04F79EFBC}") = "API", "API.csproj", "{FCED0BA9-2DBF-4F13-8CAC-7D6AF595457E}"
EndProject
Global
	GlobalSection(SolutionConfigurationPlatforms) = preSolution
		Debug|Any CPU = Debug|Any CPU
		Release|Any CPU = Release|Any CPU
	EndGlobalSection
	GlobalSection(ProjectConfigurationPlatforms) = postSolution
		{FCED0BA9-2DBF-4F13-8CAC-7D6AF595457E}.Debug|Any CPU.ActiveCfg = Debug|Any CPU
		{FCED0BA9-2DBF-4F13-8CAC-7D6AF595457E}.Debug|Any CPU.Build.0 = Debug|Any CPU
		{FCED0BA9-2DBF-4F13-8CAC-7D6AF595457E}.Release|Any CPU.ActiveCfg = Release|Any CPU
		{FCED0BA9-2DBF-4F13-8CAC-7D6AF595457E}.Release|Any CPU.Build.0 = Release|Any CPU
	EndGlobalSection
	GlobalSection(SolutionProperties) = preSolution
		HideSolutionNode = FALSE
	EndGlobalSection
	GlobalSection(ExtensibilityGlobals) = postSolution
		SolutionGuid = {2665B0A7-0F94-4C1F-9069-C2C725436944}
	EndGlobalSection
EndGlobal
